# THIS IS AN AUTOGENERATED FILE. DO NOT EDIT THIS FILE DIRECTLY.
# yarn lockfile v1


html-entities@2.1.1:
  version "2.1.1"
  resolved "https://registry.yarnpkg.com/html-entities/-/html-entities-2.1.1.tgz#faa5fc521e2d18499627835d22be3554c202208f"
  integrity sha512-HjNLgm9Ba8zKd6NDMkXa0mMPn3eDUxOUnEIm/qy2Rm6rnqRHgI9DpMYIv1Fndu8haUmfMQHNYNrlNKmdU8GMnQ==
