# THIS IS AN AUTOGENERATED FILE. DO NOT EDIT THIS FILE DIRECTLY.
# yarn lockfile v1


html-entities@2.3.3:
  version "2.3.3"
  resolved "https://registry.yarnpkg.com/html-entities/-/html-entities-2.3.3.tgz#117d7626bece327fc8baace8868fa6f5ef856e46"
  integrity sha512-DV5Ln36z34NNTDgnz0EWGBLZENelNAtkiFA4kyNOG2tDI6Mz1uSWiq1wAKdyjnJwyDiDO7Fa2SO1CTxPXL8VxA==
